
Microsoft Visual Studio Solution File, Format Version 12.00
# Visual Studio 15
VisualStudioVersion = 15.0.28010.2019
MinimumVisualStudioVersion = 10.0.40219.1
Project("{888888A0-9F3D-457C-B088-3A5042F75D52}") = "CloudDBConn", "PythonApplication1\CloudDBConn.pyproj", "{38E2A415-6223-4CAD-89DE-94EE249FA0B3}"
EndProject
Global
	GlobalSection(SolutionConfigurationPlatforms) = preSolution
		Debug|Any CPU = Debug|Any CPU
		Release|Any CPU = Release|Any CPU
	EndGlobalSection
	GlobalSection(ProjectConfigurationPlatforms) = postSolution
		{38E2A415-6223-4CAD-89DE-94EE249FA0B3}.Debug|Any CPU.ActiveCfg = Debug|Any CPU
		{38E2A415-6223-4CAD-89DE-94EE249FA0B3}.Release|Any CPU.ActiveCfg = Release|Any CPU
	EndGlobalSection
	GlobalSection(SolutionProperties) = preSolution
		HideSolutionNode = FALSE
	EndGlobalSection
	GlobalSection(ExtensibilityGlobals) = postSolution
		SolutionGuid = {D05F728D-0CDB-4218-858B-5F3B8DAA0B16}
	EndGlobalSection
EndGlobal
